
Microsoft Visual Studio Solution File, Format Version 12.00
# Visual Studio 2013
VisualStudioVersion = 12.0.21005.1
MinimumVisualStudioVersion = 10.0.40219.1
Project("{FAE04EC0-301F-11D3-BF4B-00C04F79EFBC}") = "Rx", "Rx\Rx.csproj", "{EE9FFDA2-323E-4FC8-BC94-3016F24C5DE2}"
EndProject
Project("{FAE04EC0-301F-11D3-BF4B-00C04F79EFBC}") = "Rx.Wpf", "Rx.Wpf\Rx.Wpf.csproj", "{5DB1EFD0-4FB4-4EEB-9AFC-4FF9DDD8A460}"
EndProject
Global
	GlobalSection(SolutionConfigurationPlatforms) = preSolution
		Debug|Any CPU = Debug|Any CPU
		Release|Any CPU = Release|Any CPU
	EndGlobalSection
	GlobalSection(ProjectConfigurationPlatforms) = postSolution
		{EE9FFDA2-323E-4FC8-BC94-3016F24C5DE2}.Debug|Any CPU.ActiveCfg = Debug|Any CPU
		{EE9FFDA2-323E-4FC8-BC94-3016F24C5DE2}.Debug|Any CPU.Build.0 = Debug|Any CPU
		{EE9FFDA2-323E-4FC8-BC94-3016F24C5DE2}.Release|Any CPU.ActiveCfg = Release|Any CPU
		{EE9FFDA2-323E-4FC8-BC94-3016F24C5DE2}.Release|Any CPU.Build.0 = Release|Any CPU
		{5DB1EFD0-4FB4-4EEB-9AFC-4FF9DDD8A460}.Debug|Any CPU.ActiveCfg = Debug|Any CPU
		{5DB1EFD0-4FB4-4EEB-9AFC-4FF9DDD8A460}.Debug|Any CPU.Build.0 = Debug|Any CPU
		{5DB1EFD0-4FB4-4EEB-9AFC-4FF9DDD8A460}.Release|Any CPU.ActiveCfg = Release|Any CPU
		{5DB1EFD0-4FB4-4EEB-9AFC-4FF9DDD8A460}.Release|Any CPU.Build.0 = Release|Any CPU
	EndGlobalSection
	GlobalSection(SolutionProperties) = preSolution
		HideSolutionNode = FALSE
	EndGlobalSection
EndGlobal
